
Microsoft Visual Studio Solution File, Format Version 12.00
# Visual Studio Version 16
VisualStudioVersion = 16.0.30104.148
MinimumVisualStudioVersion = 10.0.40219.1
Project("{9A19103F-16F7-4668-BE54-9A1E7A4F7556}") = "PizzeriaProject", "PizzeriaProject\PizzeriaProject.csproj", "{9F824F66-130C-48CC-98B7-40A3C855884C}"
EndProject
Global
	GlobalSection(SolutionConfigurationPlatforms) = preSolution
		Debug|Any CPU = Debug|Any CPU
		Release|Any CPU = Release|Any CPU
	EndGlobalSection
	GlobalSection(ProjectConfigurationPlatforms) = postSolution
		{9F824F66-130C-48CC-98B7-40A3C855884C}.Debug|Any CPU.ActiveCfg = Debug|Any CPU
		{9F824F66-130C-48CC-98B7-40A3C855884C}.Debug|Any CPU.Build.0 = Debug|Any CPU
		{9F824F66-130C-48CC-98B7-40A3C855884C}.Release|Any CPU.ActiveCfg = Release|Any CPU
		{9F824F66-130C-48CC-98B7-40A3C855884C}.Release|Any CPU.Build.0 = Release|Any CPU
	EndGlobalSection
	GlobalSection(SolutionProperties) = preSolution
		HideSolutionNode = FALSE
	EndGlobalSection
	GlobalSection(ExtensibilityGlobals) = postSolution
		SolutionGuid = {5E68CD54-DC4F-451F-B03F-A364F67226D2}
	EndGlobalSection
EndGlobal
